// !$*UTF8*$!
{
	archiveVersion = 1;
	classes = {
	};
	objectVersion = 50;
	objects = {

/* Begin PBXBuildFile section */
		5E09A85C20FAA05D004DE2CD /* CamFrameView.xib in Resources */ = {isa = PBXBuildFile; fileRef = 5E09A85B20FAA05D004DE2CD /* CamFrameView.xib */; };
		5E24973D20F81109009FB9DC /* AppDelegate.swift in Sources */ = {isa = PBXBuildFile; fileRef = 5E24973C20F81109009FB9DC /* AppDelegate.swift */; };
		5E24973F20F81109009FB9DC /* ViewController.swift in Sources */ = {isa = PBXBuildFile; fileRef = 5E24973E20F81109009FB9DC /* ViewController.swift */; };
		5E24974220F81109009FB9DC /* Main.storyboard in Resources */ = {isa = PBXBuildFile; fileRef = 5E24974020F81109009FB9DC /* Main.storyboard */; };
		5E24974420F8110B009FB9DC /* Assets.xcassets in Resources */ = {isa = PBXBuildFile; fileRef = 5E24974320F8110B009FB9DC /* Assets.xcassets */; };
		5E24974720F8110B009FB9DC /* LaunchScreen.storyboard in Resources */ = {isa = PBXBuildFile; fileRef = 5E24974520F8110B009FB9DC /* LaunchScreen.storyboard */; };
		5E24975A20F825E6009FB9DC /* EasyCam.framework in Frameworks */ = {isa = PBXBuildFile; fileRef = 5E24975920F825E5009FB9DC /* EasyCam.framework */; };
		5E24975B20F825EE009FB9DC /* EasyCam.framework in Frameworks */ = {isa = PBXBuildFile; fileRef = 5E24975920F825E5009FB9DC /* EasyCam.framework */; };
		5E24975C20F825EE009FB9DC /* EasyCam.framework in Embed Frameworks */ = {isa = PBXBuildFile; fileRef = 5E24975920F825E5009FB9DC /* EasyCam.framework */; settings = {ATTRIBUTES = (CodeSignOnCopy, RemoveHeadersOnCopy, ); }; };
/* End PBXBuildFile section */

/* Begin PBXCopyFilesBuildPhase section */
		5E24975D20F825EE009FB9DC /* Embed Frameworks */ = {
			isa = PBXCopyFilesBuildPhase;
			buildActionMask = 2147483647;
			dstPath = "";
			dstSubfolderSpec = 10;
			files = (
				5E24975C20F825EE009FB9DC /* EasyCam.framework in Embed Frameworks */,
			);
			name = "Embed Frameworks";
			runOnlyForDeploymentPostprocessing = 0;
		};
/* End PBXCopyFilesBuildPhase section */

/* Begin PBXFileReference section */
		5E09A85B20FAA05D004DE2CD /* CamFrameView.xib */ = {isa = PBXFileReference; lastKnownFileType = file.xib; path = CamFrameView.xib; sourceTree = "<group>"; };
		5E24973920F81109009FB9DC /* EasyCamApp.app */ = {isa = PBXFileReference; explicitFileType = wrapper.application; includeInIndex = 0; path = EasyCamApp.app; sourceTree = BUILT_PRODUCTS_DIR; };
		5E24973C20F81109009FB9DC /* AppDelegate.swift */ = {isa = PBXFileReference; lastKnownFileType = sourcecode.swift; path = AppDelegate.swift; sourceTree = "<group>"; };
		5E24973E20F81109009FB9DC /* ViewController.swift */ = {isa = PBXFileReference; lastKnownFileType = sourcecode.swift; path = ViewController.swift; sourceTree = "<group>"; };
		5E24974120F81109009FB9DC /* Base */ = {isa = PBXFileReference; lastKnownFileType = file.storyboard; name = Base; path = Base.lproj/Main.storyboard; sourceTree = "<group>"; };
		5E24974320F8110B009FB9DC /* Assets.xcassets */ = {isa = PBXFileReference; lastKnownFileType = folder.assetcatalog; path = Assets.xcassets; sourceTree = "<group>"; };
		5E24974620F8110B009FB9DC /* Base */ = {isa = PBXFileReference; lastKnownFileType = file.storyboard; name = Base; path = Base.lproj/LaunchScreen.storyboard; sourceTree = "<group>"; };
		5E24974820F8110B009FB9DC /* Info.plist */ = {isa = PBXFileReference; lastKnownFileType = text.plist.xml; path = Info.plist; sourceTree = "<group>"; };
		5E24975920F825E5009FB9DC /* EasyCam.framework */ = {isa = PBXFileReference; lastKnownFileType = wrapper.framework; name = EasyCam.framework; path = "../../../../../Library/Developer/Xcode/DerivedData/EasyCam-bydhxblrhyjniyglsdcvpuugpiag/Build/Products/Debug-iphoneos/EasyCam.framework"; sourceTree = "<group>"; };
/* End PBXFileReference section */

/* Begin PBXFrameworksBuildPhase section */
		5E24973620F81109009FB9DC /* Frameworks */ = {
			isa = PBXFrameworksBuildPhase;
			buildActionMask = 2147483647;
			files = (
				5E24975B20F825EE009FB9DC /* EasyCam.framework in Frameworks */,
				5E24975A20F825E6009FB9DC /* EasyCam.framework in Frameworks */,
			);
			runOnlyForDeploymentPostprocessing = 0;
		};
/* End PBXFrameworksBuildPhase section */

/* Begin PBXGroup section */
		5E24973020F81109009FB9DC = {
			isa = PBXGroup;
			children = (
				5E24973B20F81109009FB9DC /* EasyCamApp */,
				5E24973A20F81109009FB9DC /* Products */,
			);
			sourceTree = "<group>";
		};
		5E24973A20F81109009FB9DC /* Products */ = {
			isa = PBXGroup;
			children = (
				5E24973920F81109009FB9DC /* EasyCamApp.app */,
			);
			name = Products;
			sourceTree = "<group>";
		};
		5E24973B20F81109009FB9DC /* EasyCamApp */ = {
			isa = PBXGroup;
			children = (
				5E24975920F825E5009FB9DC /* EasyCam.framework */,
				5E24973C20F81109009FB9DC /* AppDelegate.swift */,
				5E24973E20F81109009FB9DC /* ViewController.swift */,
				5E24974020F81109009FB9DC /* Main.storyboard */,
				5E24974320F8110B009FB9DC /* Assets.xcassets */,
				5E24974520F8110B009FB9DC /* LaunchScreen.storyboard */,
				5E24974820F8110B009FB9DC /* Info.plist */,
				5E09A85B20FAA05D004DE2CD /* CamFrameView.xib */,
			);
			path = EasyCamApp;
			sourceTree = "<group>";
		};
/* End PBXGroup section */

/* Begin PBXNativeTarget section */
		5E24973820F81109009FB9DC /* EasyCamApp */ = {
			isa = PBXNativeTarget;
			buildConfigurationList = 5E24974B20F8110B009FB9DC /* Build configuration list for PBXNativeTarget "EasyCamApp" */;
			buildPhases = (
				5E24973520F81109009FB9DC /* Sources */,
				5E24973620F81109009FB9DC /* Frameworks */,
				5E24973720F81109009FB9DC /* Resources */,
				5E24975D20F825EE009FB9DC /* Embed Frameworks */,
			);
			buildRules = (
			);
			dependencies = (
			);
			name = EasyCamApp;
			productName = EasyCamApp;
			productReference = 5E24973920F81109009FB9DC /* EasyCamApp.app */;
			productType = "com.apple.product-type.application";
		};
/* End PBXNativeTarget section */

/* Begin PBXProject section */
		5E24973120F81109009FB9DC /* Project object */ = {
			isa = PBXProject;
			attributes = {
				LastSwiftUpdateCheck = 0940;
				LastUpgradeCheck = 0940;
				ORGANIZATIONNAME = "Morbach Inc.";
				TargetAttributes = {
					5E24973820F81109009FB9DC = {
						CreatedOnToolsVersion = 9.4.1;
					};
				};
			};
			buildConfigurationList = 5E24973420F81109009FB9DC /* Build configuration list for PBXProject "EasyCamApp" */;
			compatibilityVersion = "Xcode 9.3";
			developmentRegion = en;
			hasScannedForEncodings = 0;
			knownRegions = (
				en,
				Base,
			);
			mainGroup = 5E24973020F81109009FB9DC;
			productRefGroup = 5E24973A20F81109009FB9DC /* Products */;
			projectDirPath = "";
			projectRoot = "";
			targets = (
				5E24973820F81109009FB9DC /* EasyCamApp */,
			);
		};
/* End PBXProject section */

/* Begin PBXResourcesBuildPhase section */
		5E24973720F81109009FB9DC /* Resources */ = {
			isa = PBXResourcesBuildPhase;
			buildActionMask = 2147483647;
			files = (
				5E09A85C20FAA05D004DE2CD /* CamFrameView.xib in Resources */,
				5E24974720F8110B009FB9DC /* LaunchScreen.storyboard in Resources */,
				5E24974420F8110B009FB9DC /* Assets.xcassets in Resources */,
				5E24974220F81109009FB9DC /* Main.storyboard in Resources */,
			);
			runOnlyForDeploymentPostprocessing = 0;
		};
/* End PBXResourcesBuildPhase section */

/* Begin PBXSourcesBuildPhase section */
		5E24973520F81109009FB9DC /* Sources */ = {
			isa = PBXSourcesBuildPhase;
			buildActionMask = 2147483647;
			files = (
				5E24973F20F81109009FB9DC /* ViewController.swift in Sources */,
				5E24973D20F81109009FB9DC /* AppDelegate.swift in Sources */,
			);
			runOnlyForDeploymentPostprocessing = 0;
		};
/* End PBXSourcesBuildPhase section */

/* Begin PBXVariantGroup section */
		5E24974020F81109009FB9DC /* Main.storyboard */ = {
			isa = PBXVariantGroup;
			children = (
				5E24974120F81109009FB9DC /* Base */,
			);
			name = Main.storyboard;
			sourceTree = "<group>";
		};
		5E24974520F8110B009FB9DC /* LaunchScreen.storyboard */ = {
			isa = PBXVariantGroup;
			children = (
				5E24974620F8110B009FB9DC /* Base */,
			);
			name = LaunchScreen.storyboard;
			sourceTree = "<group>";
		};
/* End PBXVariantGroup section */

/* Begin XCBuildConfiguration section */
		5E24974920F8110B009FB9DC /* Debug */ = {
			isa = XCBuildConfiguration;
			buildSettings = {
				ALWAYS_SEARCH_USER_PATHS = NO;
				CLANG_ANALYZER_NONNULL = YES;
				CLANG_ANALYZER_NUMBER_OBJECT_CONVERSION = YES_AGGRESSIVE;
				CLANG_CXX_LANGUAGE_STANDARD = "gnu++14";
				CLANG_CXX_LIBRARY = "libc++";
				CLANG_ENABLE_MODULES = YES;
				CLANG_ENABLE_OBJC_ARC = YES;
				CLANG_ENABLE_OBJC_WEAK = YES;
				CLANG_WARN_BLOCK_CAPTURE_AUTORELEASING = YES;
				CLANG_WARN_BOOL_CONVERSION = YES;
				CLANG_WARN_COMMA = YES;
				CLANG_WARN_CONSTANT_CONVERSION = YES;
				CLANG_WARN_DEPRECATED_OBJC_IMPLEMENTATIONS = YES;
				CLANG_WARN_DIRECT_OBJC_ISA_USAGE = YES_ERROR;
				CLANG_WARN_DOCUMENTATION_COMMENTS = YES;
				CLANG_WARN_EMPTY_BODY = YES;
				CLANG_WARN_ENUM_CONVERSION = YES;
				CLANG_WARN_INFINITE_RECURSION = YES;
				CLANG_WARN_INT_CONVERSION = YES;
				CLANG_WARN_NON_LITERAL_NULL_CONVERSION = YES;
				CLANG_WARN_OBJC_IMPLICIT_RETAIN_SELF = YES;
				CLANG_WARN_OBJC_LITERAL_CONVERSION = YES;
				CLANG_WARN_OBJC_ROOT_CLASS = YES_ERROR;
				CLANG_WARN_RANGE_LOOP_ANALYSIS = YES;
				CLANG_WARN_STRICT_PROTOTYPES = YES;
				CLANG_WARN_SUSPICIOUS_MOVE = YES;
				CLANG_WARN_UNGUARDED_AVAILABILITY = YES_AGGRESSIVE;
				CLANG_WARN_UNREACHABLE_CODE = YES;
				CLANG_WARN__DUPLICATE_METHOD_MATCH = YES;
				CODE_SIGN_IDENTITY = "iPhone Developer";
				COPY_PHASE_STRIP = NO;
				DEBUG_INFORMATION_FORMAT = dwarf;
				ENABLE_STRICT_OBJC_MSGSEND = YES;
				ENABLE_TESTABILITY = YES;
				GCC_C_LANGUAGE_STANDARD = gnu11;
				GCC_DYNAMIC_NO_PIC = NO;
				GCC_NO_COMMON_BLOCKS = YES;
				GCC_OPTIMIZATION_LEVEL = 0;
				GCC_PREPROCESSOR_DEFINITIONS = (
					"DEBUG=1",
					"$(inherited)",
				);
				GCC_WARN_64_TO_32_BIT_CONVERSION = YES;
				GCC_WARN_ABOUT_RETURN_TYPE = YES_ERROR;
				GCC_WARN_UNDECLARED_SELECTOR = YES;
				GCC_WARN_UNINITIALIZED_AUTOS = YES_AGGRESSIVE;
				GCC_WARN_UNUSED_FUNCTION = YES;
				GCC_WARN_UNUSED_VARIABLE = YES;
				IPHONEOS_DEPLOYMENT_TARGET = 11.4;
				MTL_ENABLE_DEBUG_INFO = YES;
				ONLY_ACTIVE_ARCH = YES;
				SDKROOT = iphoneos;
				SWIFT_ACTIVE_COMPILATION_CONDITIONS = DEBUG;
				SWIFT_OPTIMIZATION_LEVEL = "-Onone";
			};
			name = Debug;
		};
		5E24974A20F8110B009FB9DC /* Release */ = {
			isa = XCBuildConfiguration;
			buildSettings = {
				ALWAYS_SEARCH_USER_PATHS = NO;
				CLANG_ANALYZER_NONNULL = YES;
				CLANG_ANALYZER_NUMBER_OBJECT_CONVERSION = YES_AGGRESSIVE;
				CLANG_CXX_LANGUAGE_STANDARD = "gnu++14";
				CLANG_CXX_LIBRARY = "libc++";
				CLANG_ENABLE_MODULES = YES;
				CLANG_ENABLE_OBJC_ARC = YES;
				CLANG_ENABLE_OBJC_WEAK = YES;
				CLANG_WARN_BLOCK_CAPTURE_AUTORELEASING = YES;
				CLANG_WARN_BOOL_CONVERSION = YES;
				CLANG_WARN_COMMA = YES;
				CLANG_WARN_CONSTANT_CONVERSION = YES;
				CLANG_WARN_DEPRECATED_OBJC_IMPLEMENTATIONS = YES;
				CLANG_WARN_DIRECT_OBJC_ISA_USAGE = YES_ERROR;
				CLANG_WARN_DOCUMENTATION_COMMENTS = YES;
				CLANG_WARN_EMPTY_BODY = YES;
				CLANG_WARN_ENUM_CONVERSION = YES;
				CLANG_WARN_INFINITE_RECURSION = YES;
				CLANG_WARN_INT_CONVERSION = YES;
				CLANG_WARN_NON_LITERAL_NULL_CONVERSION = YES;
				CLANG_WARN_OBJC_IMPLICIT_RETAIN_SELF = YES;
				CLANG_WARN_OBJC_LITERAL_CONVERSION = YES;
				CLANG_WARN_OBJC_ROOT_CLASS = YES_ERROR;
				CLANG_WARN_RANGE_LOOP_ANALYSIS = YES;
				CLANG_WARN_STRICT_PROTOTYPES = YES;
				CLANG_WARN_SUSPICIOUS_MOVE = YES;
				CLANG_WARN_UNGUARDED_AVAILABILITY = YES_AGGRESSIVE;
				CLANG_WARN_UNREACHABLE_CODE = YES;
				CLANG_WARN__DUPLICATE_METHOD_MATCH = YES;
				CODE_SIGN_IDENTITY = "iPhone Developer";
				COPY_PHASE_STRIP = NO;
				DEBUG_INFORMATION_FORMAT = "dwarf-with-dsym";
				ENABLE_NS_ASSERTIONS = NO;
				ENABLE_STRICT_OBJC_MSGSEND = YES;
				GCC_C_LANGUAGE_STANDARD = gnu11;
				GCC_NO_COMMON_BLOCKS = YES;
				GCC_WARN_64_TO_32_BIT_CONVERSION = YES;
				GCC_WARN_ABOUT_RETURN_TYPE = YES_ERROR;
				GCC_WARN_UNDECLARED_SELECTOR = YES;
				GCC_WARN_UNINITIALIZED_AUTOS = YES_AGGRESSIVE;
				GCC_WARN_UNUSED_FUNCTION = YES;
				GCC_WARN_UNUSED_VARIABLE = YES;
				IPHONEOS_DEPLOYMENT_TARGET = 11.4;
				MTL_ENABLE_DEBUG_INFO = NO;
				SDKROOT = iphoneos;
				SWIFT_COMPILATION_MODE = wholemodule;
				SWIFT_OPTIMIZATION_LEVEL = "-O";
				VALIDATE_PRODUCT = YES;
			};
			name = Release;
		};
		5E24974C20F8110B009FB9DC /* Debug */ = {
			isa = XCBuildConfiguration;
			buildSettings = {
				ASSETCATALOG_COMPILER_APPICON_NAME = AppIcon;
				CODE_SIGN_STYLE = Automatic;
				DEVELOPMENT_TEAM = YRTZUYMLE3;
				INFOPLIST_FILE = EasyCamApp/Info.plist;
				IPHONEOS_DEPLOYMENT_TARGET = 10.0;
				LD_RUNPATH_SEARCH_PATHS = (
					"$(inherited)",
					"@executable_path/Frameworks",
				);
				PRODUCT_BUNDLE_IDENTIFIER = br.com.morbachrodrigo.EasyCamApp;
				PRODUCT_NAME = "$(TARGET_NAME)";
				SWIFT_VERSION = 4.0;
				TARGETED_DEVICE_FAMILY = "1,2";
			};
			name = Debug;
		};
		5E24974D20F8110B009FB9DC /* Release */ = {
			isa = XCBuildConfiguration;
			buildSettings = {
				ASSETCATALOG_COMPILER_APPICON_NAME = AppIcon;
				CODE_SIGN_STYLE = Automatic;
				DEVELOPMENT_TEAM = YRTZUYMLE3;
				INFOPLIST_FILE = EasyCamApp/Info.plist;
				IPHONEOS_DEPLOYMENT_TARGET = 10.0;
				LD_RUNPATH_SEARCH_PATHS = (
					"$(inherited)",
					"@executable_path/Frameworks",
				);
				PRODUCT_BUNDLE_IDENTIFIER = br.com.morbachrodrigo.EasyCamApp;
				PRODUCT_NAME = "$(TARGET_NAME)";
				SWIFT_VERSION = 4.0;
				TARGETED_DEVICE_FAMILY = "1,2";
			};
			name = Release;
		};
/* End XCBuildConfiguration section */

/* Begin XCConfigurationList section */
		5E24973420F81109009FB9DC /* Build configuration list for PBXProject "EasyCamApp" */ = {
			isa = XCConfigurationList;
			buildConfigurations = (
				5E24974920F8110B009FB9DC /* Debug */,
				5E24974A20F8110B009FB9DC /* Release */,
			);
			defaultConfigurationIsVisible = 0;
			defaultConfigurationName = Release;
		};
		5E24974B20F8110B009FB9DC /* Build configuration list for PBXNativeTarget "EasyCamApp" */ = {
			isa = XCConfigurationList;
			buildConfigurations = (
				5E24974C20F8110B009FB9DC /* Debug */,
				5E24974D20F8110B009FB9DC /* Release */,
			);
			defaultConfigurationIsVisible = 0;
			defaultConfigurationName = Release;
		};
/* End XCConfigurationList section */
	};
	rootObject = 5E24973120F81109009FB9DC /* Project object */;
}
